
Microsoft Visual Studio Solution File, Format Version 12.00
# Visual Studio Version 17
VisualStudioVersion = 17.2.32630.192
MinimumVisualStudioVersion = 10.0.40219.1
Project("{8BC9CEB8-8B4A-11D0-8D11-00A0C91BC942}") = "darkside-api", "darkside-api\darkside-api.vcxproj", "{6DF0DD79-DFFC-438C-88CD-C7F2BB3E9E48}"
EndProject
Project("{8BC9CEB8-8B4A-11D0-8D11-00A0C91BC942}") = "darkside-hooks", "darkside-hooks\darkside-hooks.vcxproj", "{F50145F6-FEBF-4625-9697-1C4C46CE62E7}"
EndProject
Project("{9A19103F-16F7-4668-BE54-9A1E7A4F7556}") = "DarkSideModernGUI", "DarkSideModernGUI\DarkSideModernGUI.csproj", "{680AFF8E-21EE-495D-BA73-C223D8832B46}"
EndProject
Project("{FAE04EC0-301F-11D3-BF4B-00C04F79EFBC}") = "DarkSideWPFUI", "DarkSideWPFUI\DarkSideWPFUI.csproj", "{0245E375-1DA5-494D-A238-BC835C539EE1}"
EndProject
Global
	GlobalSection(SolutionConfigurationPlatforms) = preSolution
		Debug|Any CPU = Debug|Any CPU
		Debug|x64 = Debug|x64
		Debug|x86 = Debug|x86
		Release|Any CPU = Release|Any CPU
		Release|x64 = Release|x64
		Release|x86 = Release|x86
	EndGlobalSection
	GlobalSection(ProjectConfigurationPlatforms) = postSolution
		{6DF0DD79-DFFC-438C-88CD-C7F2BB3E9E48}.Debug|Any CPU.ActiveCfg = Debug|x64
		{6DF0DD79-DFFC-438C-88CD-C7F2BB3E9E48}.Debug|Any CPU.Build.0 = Debug|x64
		{6DF0DD79-DFFC-438C-88CD-C7F2BB3E9E48}.Debug|x64.ActiveCfg = Debug|Win32
		{6DF0DD79-DFFC-438C-88CD-C7F2BB3E9E48}.Debug|x64.Build.0 = Debug|Win32
		{6DF0DD79-DFFC-438C-88CD-C7F2BB3E9E48}.Debug|x86.ActiveCfg = Debug|Win32
		{6DF0DD79-DFFC-438C-88CD-C7F2BB3E9E48}.Debug|x86.Build.0 = Debug|Win32
		{6DF0DD79-DFFC-438C-88CD-C7F2BB3E9E48}.Release|Any CPU.ActiveCfg = Release|x64
		{6DF0DD79-DFFC-438C-88CD-C7F2BB3E9E48}.Release|Any CPU.Build.0 = Release|x64
		{6DF0DD79-DFFC-438C-88CD-C7F2BB3E9E48}.Release|x64.ActiveCfg = Release|Win32
		{6DF0DD79-DFFC-438C-88CD-C7F2BB3E9E48}.Release|x64.Build.0 = Release|Win32
		{6DF0DD79-DFFC-438C-88CD-C7F2BB3E9E48}.Release|x86.ActiveCfg = Release|Win32
		{F50145F6-FEBF-4625-9697-1C4C46CE62E7}.Debug|Any CPU.ActiveCfg = Debug|x64
		{F50145F6-FEBF-4625-9697-1C4C46CE62E7}.Debug|Any CPU.Build.0 = Debug|x64
		{F50145F6-FEBF-4625-9697-1C4C46CE62E7}.Debug|x64.ActiveCfg = Debug|x64
		{F50145F6-FEBF-4625-9697-1C4C46CE62E7}.Debug|x64.Build.0 = Debug|x64
		{F50145F6-FEBF-4625-9697-1C4C46CE62E7}.Debug|x86.ActiveCfg = Debug|Win32
		{F50145F6-FEBF-4625-9697-1C4C46CE62E7}.Debug|x86.Build.0 = Debug|Win32
		{F50145F6-FEBF-4625-9697-1C4C46CE62E7}.Release|Any CPU.ActiveCfg = Release|x64
		{F50145F6-FEBF-4625-9697-1C4C46CE62E7}.Release|Any CPU.Build.0 = Release|x64
		{F50145F6-FEBF-4625-9697-1C4C46CE62E7}.Release|x64.ActiveCfg = Release|x64
		{F50145F6-FEBF-4625-9697-1C4C46CE62E7}.Release|x64.Build.0 = Release|x64
		{F50145F6-FEBF-4625-9697-1C4C46CE62E7}.Release|x86.ActiveCfg = Release|Win32
		{680AFF8E-21EE-495D-BA73-C223D8832B46}.Debug|Any CPU.ActiveCfg = Debug|Any CPU
		{680AFF8E-21EE-495D-BA73-C223D8832B46}.Debug|Any CPU.Build.0 = Debug|Any CPU
		{680AFF8E-21EE-495D-BA73-C223D8832B46}.Debug|x64.ActiveCfg = Debug|Any CPU
		{680AFF8E-21EE-495D-BA73-C223D8832B46}.Debug|x64.Build.0 = Debug|Any CPU
		{680AFF8E-21EE-495D-BA73-C223D8832B46}.Debug|x86.ActiveCfg = Debug|Any CPU
		{680AFF8E-21EE-495D-BA73-C223D8832B46}.Debug|x86.Build.0 = Debug|Any CPU
		{680AFF8E-21EE-495D-BA73-C223D8832B46}.Release|Any CPU.ActiveCfg = Release|Any CPU
		{680AFF8E-21EE-495D-BA73-C223D8832B46}.Release|Any CPU.Build.0 = Release|Any CPU
		{680AFF8E-21EE-495D-BA73-C223D8832B46}.Release|x64.ActiveCfg = Release|Any CPU
		{680AFF8E-21EE-495D-BA73-C223D8832B46}.Release|x64.Build.0 = Release|Any CPU
		{680AFF8E-21EE-495D-BA73-C223D8832B46}.Release|x86.ActiveCfg = Release|Any CPU
		{0245E375-1DA5-494D-A238-BC835C539EE1}.Debug|Any CPU.ActiveCfg = Debug|Any CPU
		{0245E375-1DA5-494D-A238-BC835C539EE1}.Debug|Any CPU.Build.0 = Debug|Any CPU
		{0245E375-1DA5-494D-A238-BC835C539EE1}.Debug|x64.ActiveCfg = Debug|Any CPU
		{0245E375-1DA5-494D-A238-BC835C539EE1}.Debug|x64.Build.0 = Debug|Any CPU
		{0245E375-1DA5-494D-A238-BC835C539EE1}.Debug|x86.ActiveCfg = Debug|Any CPU
		{0245E375-1DA5-494D-A238-BC835C539EE1}.Debug|x86.Build.0 = Debug|Any CPU
		{0245E375-1DA5-494D-A238-BC835C539EE1}.Release|Any CPU.ActiveCfg = Release|Any CPU
		{0245E375-1DA5-494D-A238-BC835C539EE1}.Release|Any CPU.Build.0 = Release|Any CPU
		{0245E375-1DA5-494D-A238-BC835C539EE1}.Release|x64.ActiveCfg = Release|Any CPU
		{0245E375-1DA5-494D-A238-BC835C539EE1}.Release|x64.Build.0 = Release|Any CPU
		{0245E375-1DA5-494D-A238-BC835C539EE1}.Release|x86.ActiveCfg = Release|Any CPU
		{0245E375-1DA5-494D-A238-BC835C539EE1}.Release|x86.Build.0 = Release|Any CPU
	EndGlobalSection
	GlobalSection(SolutionProperties) = preSolution
		HideSolutionNode = FALSE
	EndGlobalSection
	GlobalSection(ExtensibilityGlobals) = postSolution
		SolutionGuid = {BAB12D03-13B1-417E-906F-BBE49A39FCA0}
	EndGlobalSection
EndGlobal
