
Microsoft Visual Studio Solution File, Format Version 12.00
# Visual Studio Version 17
VisualStudioVersion = 17.2.32630.192
MinimumVisualStudioVersion = 10.0.40219.1
Project("{8BC9CEB8-8B4A-11D0-8D11-00A0C91BC942}") = "darkside-api", "darkside-api\darkside-api.vcxproj", "{6DF0DD79-DFFC-438C-88CD-C7F2BB3E9E48}"
EndProject
Project("{8BC9CEB8-8B4A-11D0-8D11-00A0C91BC942}") = "darkside-hooks", "darkside-hooks\darkside-hooks.vcxproj", "{F50145F6-FEBF-4625-9697-1C4C46CE62E7}"
EndProject
Project("{FAE04EC0-301F-11D3-BF4B-00C04F79EFBC}") = "DarkSide", "DarkSide\DarkSide.csproj", "{6FE89AFC-6E6C-4B27-BABB-CABE0A378ED8}"
EndProject
Project("{FAE04EC0-301F-11D3-BF4B-00C04F79EFBC}") = "DarkSide.Core", "DarkSide.Core\DarkSide.Core.csproj", "{56F99985-B8BB-423B-A647-E81A3D30E354}"
EndProject
Project("{2150E333-8FDC-42A3-9474-1A3956D46DE8}") = "Services", "Services", "{17B797F9-BF5E-4C94-9A05-A90FC0137921}"
EndProject
Project("{2150E333-8FDC-42A3-9474-1A3956D46DE8}") = "Modules", "Modules", "{70BB64FB-0DDD-4F5B-9D54-43060371CDCB}"
EndProject
Project("{FAE04EC0-301F-11D3-BF4B-00C04F79EFBC}") = "DarkSide.Modules.Main", "Modules\DarkSide.Modules.Main\DarkSide.Modules.Main.csproj", "{FFFAB191-E2AC-4F77-A9C6-DAAB8633F86C}"
EndProject
Project("{FAE04EC0-301F-11D3-BF4B-00C04F79EFBC}") = "DarkSide.Modules.GeneralSettings", "Modules\DarkSide.Modules.GeneralSettings\DarkSide.Modules.GeneralSettings.csproj", "{E73988EA-7D39-4E73-B24B-A1467AB77CC1}"
EndProject
Project("{FAE04EC0-301F-11D3-BF4B-00C04F79EFBC}") = "DarkSide.Modules.BotLogs", "Modules\DarkSide.Modules.BotLogs\DarkSide.Modules.BotLogs.csproj", "{DE74F14A-00D2-4898-861F-430ABE202076}"
EndProject
Global
	GlobalSection(SolutionConfigurationPlatforms) = preSolution
		Debug|Any CPU = Debug|Any CPU
		Debug|x64 = Debug|x64
		Debug|x86 = Debug|x86
		Release|Any CPU = Release|Any CPU
		Release|x64 = Release|x64
		Release|x86 = Release|x86
	EndGlobalSection
	GlobalSection(ProjectConfigurationPlatforms) = postSolution
		{6DF0DD79-DFFC-438C-88CD-C7F2BB3E9E48}.Debug|Any CPU.ActiveCfg = Debug|x64
		{6DF0DD79-DFFC-438C-88CD-C7F2BB3E9E48}.Debug|Any CPU.Build.0 = Debug|x64
		{6DF0DD79-DFFC-438C-88CD-C7F2BB3E9E48}.Debug|x64.ActiveCfg = Debug|Win32
		{6DF0DD79-DFFC-438C-88CD-C7F2BB3E9E48}.Debug|x64.Build.0 = Debug|Win32
		{6DF0DD79-DFFC-438C-88CD-C7F2BB3E9E48}.Debug|x86.ActiveCfg = Debug|Win32
		{6DF0DD79-DFFC-438C-88CD-C7F2BB3E9E48}.Debug|x86.Build.0 = Debug|Win32
		{6DF0DD79-DFFC-438C-88CD-C7F2BB3E9E48}.Release|Any CPU.ActiveCfg = Release|x64
		{6DF0DD79-DFFC-438C-88CD-C7F2BB3E9E48}.Release|Any CPU.Build.0 = Release|x64
		{6DF0DD79-DFFC-438C-88CD-C7F2BB3E9E48}.Release|x64.ActiveCfg = Release|Win32
		{6DF0DD79-DFFC-438C-88CD-C7F2BB3E9E48}.Release|x64.Build.0 = Release|Win32
		{6DF0DD79-DFFC-438C-88CD-C7F2BB3E9E48}.Release|x86.ActiveCfg = Release|Win32
		{F50145F6-FEBF-4625-9697-1C4C46CE62E7}.Debug|Any CPU.ActiveCfg = Debug|x64
		{F50145F6-FEBF-4625-9697-1C4C46CE62E7}.Debug|Any CPU.Build.0 = Debug|x64
		{F50145F6-FEBF-4625-9697-1C4C46CE62E7}.Debug|x64.ActiveCfg = Debug|x64
		{F50145F6-FEBF-4625-9697-1C4C46CE62E7}.Debug|x64.Build.0 = Debug|x64
		{F50145F6-FEBF-4625-9697-1C4C46CE62E7}.Debug|x86.ActiveCfg = Debug|Win32
		{F50145F6-FEBF-4625-9697-1C4C46CE62E7}.Debug|x86.Build.0 = Debug|Win32
		{F50145F6-FEBF-4625-9697-1C4C46CE62E7}.Release|Any CPU.ActiveCfg = Release|x64
		{F50145F6-FEBF-4625-9697-1C4C46CE62E7}.Release|Any CPU.Build.0 = Release|x64
		{F50145F6-FEBF-4625-9697-1C4C46CE62E7}.Release|x64.ActiveCfg = Release|x64
		{F50145F6-FEBF-4625-9697-1C4C46CE62E7}.Release|x64.Build.0 = Release|x64
		{F50145F6-FEBF-4625-9697-1C4C46CE62E7}.Release|x86.ActiveCfg = Release|Win32
		{6FE89AFC-6E6C-4B27-BABB-CABE0A378ED8}.Debug|Any CPU.ActiveCfg = Debug|Any CPU
		{6FE89AFC-6E6C-4B27-BABB-CABE0A378ED8}.Debug|Any CPU.Build.0 = Debug|Any CPU
		{6FE89AFC-6E6C-4B27-BABB-CABE0A378ED8}.Debug|x64.ActiveCfg = Debug|Any CPU
		{6FE89AFC-6E6C-4B27-BABB-CABE0A378ED8}.Debug|x64.Build.0 = Debug|Any CPU
		{6FE89AFC-6E6C-4B27-BABB-CABE0A378ED8}.Debug|x86.ActiveCfg = Debug|Any CPU
		{6FE89AFC-6E6C-4B27-BABB-CABE0A378ED8}.Debug|x86.Build.0 = Debug|Any CPU
		{6FE89AFC-6E6C-4B27-BABB-CABE0A378ED8}.Release|Any CPU.ActiveCfg = Release|Any CPU
		{6FE89AFC-6E6C-4B27-BABB-CABE0A378ED8}.Release|Any CPU.Build.0 = Release|Any CPU
		{6FE89AFC-6E6C-4B27-BABB-CABE0A378ED8}.Release|x64.ActiveCfg = Release|Any CPU
		{6FE89AFC-6E6C-4B27-BABB-CABE0A378ED8}.Release|x64.Build.0 = Release|Any CPU
		{6FE89AFC-6E6C-4B27-BABB-CABE0A378ED8}.Release|x86.ActiveCfg = Release|Any CPU
		{6FE89AFC-6E6C-4B27-BABB-CABE0A378ED8}.Release|x86.Build.0 = Release|Any CPU
		{56F99985-B8BB-423B-A647-E81A3D30E354}.Debug|Any CPU.ActiveCfg = Debug|Any CPU
		{56F99985-B8BB-423B-A647-E81A3D30E354}.Debug|Any CPU.Build.0 = Debug|Any CPU
		{56F99985-B8BB-423B-A647-E81A3D30E354}.Debug|x64.ActiveCfg = Debug|Any CPU
		{56F99985-B8BB-423B-A647-E81A3D30E354}.Debug|x64.Build.0 = Debug|Any CPU
		{56F99985-B8BB-423B-A647-E81A3D30E354}.Debug|x86.ActiveCfg = Debug|Any CPU
		{56F99985-B8BB-423B-A647-E81A3D30E354}.Debug|x86.Build.0 = Debug|Any CPU
		{56F99985-B8BB-423B-A647-E81A3D30E354}.Release|Any CPU.ActiveCfg = Release|Any CPU
		{56F99985-B8BB-423B-A647-E81A3D30E354}.Release|Any CPU.Build.0 = Release|Any CPU
		{56F99985-B8BB-423B-A647-E81A3D30E354}.Release|x64.ActiveCfg = Release|Any CPU
		{56F99985-B8BB-423B-A647-E81A3D30E354}.Release|x64.Build.0 = Release|Any CPU
		{56F99985-B8BB-423B-A647-E81A3D30E354}.Release|x86.ActiveCfg = Release|Any CPU
		{56F99985-B8BB-423B-A647-E81A3D30E354}.Release|x86.Build.0 = Release|Any CPU
		{FFFAB191-E2AC-4F77-A9C6-DAAB8633F86C}.Debug|Any CPU.ActiveCfg = Debug|Any CPU
		{FFFAB191-E2AC-4F77-A9C6-DAAB8633F86C}.Debug|Any CPU.Build.0 = Debug|Any CPU
		{FFFAB191-E2AC-4F77-A9C6-DAAB8633F86C}.Debug|x64.ActiveCfg = Debug|Any CPU
		{FFFAB191-E2AC-4F77-A9C6-DAAB8633F86C}.Debug|x64.Build.0 = Debug|Any CPU
		{FFFAB191-E2AC-4F77-A9C6-DAAB8633F86C}.Debug|x86.ActiveCfg = Debug|Any CPU
		{FFFAB191-E2AC-4F77-A9C6-DAAB8633F86C}.Debug|x86.Build.0 = Debug|Any CPU
		{FFFAB191-E2AC-4F77-A9C6-DAAB8633F86C}.Release|Any CPU.ActiveCfg = Release|Any CPU
		{FFFAB191-E2AC-4F77-A9C6-DAAB8633F86C}.Release|Any CPU.Build.0 = Release|Any CPU
		{FFFAB191-E2AC-4F77-A9C6-DAAB8633F86C}.Release|x64.ActiveCfg = Release|Any CPU
		{FFFAB191-E2AC-4F77-A9C6-DAAB8633F86C}.Release|x64.Build.0 = Release|Any CPU
		{FFFAB191-E2AC-4F77-A9C6-DAAB8633F86C}.Release|x86.ActiveCfg = Release|Any CPU
		{FFFAB191-E2AC-4F77-A9C6-DAAB8633F86C}.Release|x86.Build.0 = Release|Any CPU
		{E73988EA-7D39-4E73-B24B-A1467AB77CC1}.Debug|Any CPU.ActiveCfg = Debug|Any CPU
		{E73988EA-7D39-4E73-B24B-A1467AB77CC1}.Debug|Any CPU.Build.0 = Debug|Any CPU
		{E73988EA-7D39-4E73-B24B-A1467AB77CC1}.Debug|x64.ActiveCfg = Debug|Any CPU
		{E73988EA-7D39-4E73-B24B-A1467AB77CC1}.Debug|x64.Build.0 = Debug|Any CPU
		{E73988EA-7D39-4E73-B24B-A1467AB77CC1}.Debug|x86.ActiveCfg = Debug|Any CPU
		{E73988EA-7D39-4E73-B24B-A1467AB77CC1}.Debug|x86.Build.0 = Debug|Any CPU
		{E73988EA-7D39-4E73-B24B-A1467AB77CC1}.Release|Any CPU.ActiveCfg = Release|Any CPU
		{E73988EA-7D39-4E73-B24B-A1467AB77CC1}.Release|Any CPU.Build.0 = Release|Any CPU
		{E73988EA-7D39-4E73-B24B-A1467AB77CC1}.Release|x64.ActiveCfg = Release|Any CPU
		{E73988EA-7D39-4E73-B24B-A1467AB77CC1}.Release|x64.Build.0 = Release|Any CPU
		{E73988EA-7D39-4E73-B24B-A1467AB77CC1}.Release|x86.ActiveCfg = Release|Any CPU
		{E73988EA-7D39-4E73-B24B-A1467AB77CC1}.Release|x86.Build.0 = Release|Any CPU
		{DE74F14A-00D2-4898-861F-430ABE202076}.Debug|Any CPU.ActiveCfg = Debug|Any CPU
		{DE74F14A-00D2-4898-861F-430ABE202076}.Debug|Any CPU.Build.0 = Debug|Any CPU
		{DE74F14A-00D2-4898-861F-430ABE202076}.Debug|x64.ActiveCfg = Debug|Any CPU
		{DE74F14A-00D2-4898-861F-430ABE202076}.Debug|x64.Build.0 = Debug|Any CPU
		{DE74F14A-00D2-4898-861F-430ABE202076}.Debug|x86.ActiveCfg = Debug|Any CPU
		{DE74F14A-00D2-4898-861F-430ABE202076}.Debug|x86.Build.0 = Debug|Any CPU
		{DE74F14A-00D2-4898-861F-430ABE202076}.Release|Any CPU.ActiveCfg = Release|Any CPU
		{DE74F14A-00D2-4898-861F-430ABE202076}.Release|Any CPU.Build.0 = Release|Any CPU
		{DE74F14A-00D2-4898-861F-430ABE202076}.Release|x64.ActiveCfg = Release|Any CPU
		{DE74F14A-00D2-4898-861F-430ABE202076}.Release|x64.Build.0 = Release|Any CPU
		{DE74F14A-00D2-4898-861F-430ABE202076}.Release|x86.ActiveCfg = Release|Any CPU
		{DE74F14A-00D2-4898-861F-430ABE202076}.Release|x86.Build.0 = Release|Any CPU
	EndGlobalSection
	GlobalSection(SolutionProperties) = preSolution
		HideSolutionNode = FALSE
	EndGlobalSection
	GlobalSection(NestedProjects) = preSolution
		{FFFAB191-E2AC-4F77-A9C6-DAAB8633F86C} = {70BB64FB-0DDD-4F5B-9D54-43060371CDCB}
		{E73988EA-7D39-4E73-B24B-A1467AB77CC1} = {70BB64FB-0DDD-4F5B-9D54-43060371CDCB}
		{DE74F14A-00D2-4898-861F-430ABE202076} = {70BB64FB-0DDD-4F5B-9D54-43060371CDCB}
	EndGlobalSection
	GlobalSection(ExtensibilityGlobals) = postSolution
		SolutionGuid = {BAB12D03-13B1-417E-906F-BBE49A39FCA0}
	EndGlobalSection
EndGlobal
